
Microsoft Visual Studio Solution File, Format Version 12.00
# Visual Studio Version 17
VisualStudioVersion = 17.14.36908.2 d17.14
MinimumVisualStudioVersion = 10.0.40219.1
Project("{FAE04EC0-301F-11D3-BF4B-00C04F79EFBC}") = "Day06", "Day06.csproj", "{528E3330-E12A-4C92-8D77-CAEDCD3FE3D7}"
EndProject
Global
	GlobalSection(SolutionConfigurationPlatforms) = preSolution
		Debug|Any CPU = Debug|Any CPU
		Release|Any CPU = Release|Any CPU
	EndGlobalSection
	GlobalSection(ProjectConfigurationPlatforms) = postSolution
		{528E3330-E12A-4C92-8D77-CAEDCD3FE3D7}.Debug|Any CPU.ActiveCfg = Debug|Any CPU
		{528E3330-E12A-4C92-8D77-CAEDCD3FE3D7}.Debug|Any CPU.Build.0 = Debug|Any CPU
		{528E3330-E12A-4C92-8D77-CAEDCD3FE3D7}.Release|Any CPU.ActiveCfg = Release|Any CPU
		{528E3330-E12A-4C92-8D77-CAEDCD3FE3D7}.Release|Any CPU.Build.0 = Release|Any CPU
	EndGlobalSection
	GlobalSection(SolutionProperties) = preSolution
		HideSolutionNode = FALSE
	EndGlobalSection
	GlobalSection(ExtensibilityGlobals) = postSolution
		SolutionGuid = {E8C971DF-CDB3-4993-9401-B37EAD393814}
	EndGlobalSection
EndGlobal
