
Microsoft Visual Studio Solution File, Format Version 12.00
# Visual Studio Version 17
VisualStudioVersion = 17.14.36908.2 d17.14
MinimumVisualStudioVersion = 10.0.40219.1
Project("{FAE04EC0-301F-11D3-BF4B-00C04F79EFBC}") = "Day07", "Day07.csproj", "{7AD56DA0-6F78-450F-B2AB-AE9E91E3A5A3}"
EndProject
Global
	GlobalSection(SolutionConfigurationPlatforms) = preSolution
		Debug|Any CPU = Debug|Any CPU
		Release|Any CPU = Release|Any CPU
	EndGlobalSection
	GlobalSection(ProjectConfigurationPlatforms) = postSolution
		{7AD56DA0-6F78-450F-B2AB-AE9E91E3A5A3}.Debug|Any CPU.ActiveCfg = Debug|Any CPU
		{7AD56DA0-6F78-450F-B2AB-AE9E91E3A5A3}.Debug|Any CPU.Build.0 = Debug|Any CPU
		{7AD56DA0-6F78-450F-B2AB-AE9E91E3A5A3}.Release|Any CPU.ActiveCfg = Release|Any CPU
		{7AD56DA0-6F78-450F-B2AB-AE9E91E3A5A3}.Release|Any CPU.Build.0 = Release|Any CPU
	EndGlobalSection
	GlobalSection(SolutionProperties) = preSolution
		HideSolutionNode = FALSE
	EndGlobalSection
	GlobalSection(ExtensibilityGlobals) = postSolution
		SolutionGuid = {633B98F2-BA5D-4929-8CD4-582E255799F2}
	EndGlobalSection
EndGlobal
