
Microsoft Visual Studio Solution File, Format Version 12.00
# Visual Studio Version 17
VisualStudioVersion = 17.14.36908.2
MinimumVisualStudioVersion = 10.0.40219.1
Project("{FAE04EC0-301F-11D3-BF4B-00C04F79EFBC}") = "Domain", "Day11\Domain.csproj", "{ADADC838-0D82-4E2D-B014-AB0332C60F99}"
EndProject
Project("{FAE04EC0-301F-11D3-BF4B-00C04F79EFBC}") = "Application", "Application\Application.csproj", "{5AA8A6CF-5BA1-4AD5-8211-19A7529F006E}"
EndProject
Project("{FAE04EC0-301F-11D3-BF4B-00C04F79EFBC}") = "Infrastructure", "Infrastructure\Infrastructure.csproj", "{320BCD71-6833-4307-885D-66E4F6C59954}"
EndProject
Project("{FAE04EC0-301F-11D3-BF4B-00C04F79EFBC}") = "PresentationLayer", "PresentationLayer\PresentationLayer.csproj", "{A2362345-2A3F-4EB9-AB25-E171647E14D2}"
EndProject
Global
	GlobalSection(SolutionConfigurationPlatforms) = preSolution
		Debug|Any CPU = Debug|Any CPU
		Release|Any CPU = Release|Any CPU
	EndGlobalSection
	GlobalSection(ProjectConfigurationPlatforms) = postSolution
		{ADADC838-0D82-4E2D-B014-AB0332C60F99}.Debug|Any CPU.ActiveCfg = Debug|Any CPU
		{ADADC838-0D82-4E2D-B014-AB0332C60F99}.Debug|Any CPU.Build.0 = Debug|Any CPU
		{ADADC838-0D82-4E2D-B014-AB0332C60F99}.Release|Any CPU.ActiveCfg = Release|Any CPU
		{ADADC838-0D82-4E2D-B014-AB0332C60F99}.Release|Any CPU.Build.0 = Release|Any CPU
		{5AA8A6CF-5BA1-4AD5-8211-19A7529F006E}.Debug|Any CPU.ActiveCfg = Debug|Any CPU
		{5AA8A6CF-5BA1-4AD5-8211-19A7529F006E}.Debug|Any CPU.Build.0 = Debug|Any CPU
		{5AA8A6CF-5BA1-4AD5-8211-19A7529F006E}.Release|Any CPU.ActiveCfg = Release|Any CPU
		{5AA8A6CF-5BA1-4AD5-8211-19A7529F006E}.Release|Any CPU.Build.0 = Release|Any CPU
		{320BCD71-6833-4307-885D-66E4F6C59954}.Debug|Any CPU.ActiveCfg = Debug|Any CPU
		{320BCD71-6833-4307-885D-66E4F6C59954}.Debug|Any CPU.Build.0 = Debug|Any CPU
		{320BCD71-6833-4307-885D-66E4F6C59954}.Release|Any CPU.ActiveCfg = Release|Any CPU
		{320BCD71-6833-4307-885D-66E4F6C59954}.Release|Any CPU.Build.0 = Release|Any CPU
		{A2362345-2A3F-4EB9-AB25-E171647E14D2}.Debug|Any CPU.ActiveCfg = Debug|Any CPU
		{A2362345-2A3F-4EB9-AB25-E171647E14D2}.Debug|Any CPU.Build.0 = Debug|Any CPU
		{A2362345-2A3F-4EB9-AB25-E171647E14D2}.Release|Any CPU.ActiveCfg = Release|Any CPU
		{A2362345-2A3F-4EB9-AB25-E171647E14D2}.Release|Any CPU.Build.0 = Release|Any CPU
	EndGlobalSection
	GlobalSection(SolutionProperties) = preSolution
		HideSolutionNode = FALSE
	EndGlobalSection
	GlobalSection(ExtensibilityGlobals) = postSolution
		SolutionGuid = {F2353278-799B-4E1D-899C-7F1E7D02D539}
	EndGlobalSection
EndGlobal
